
Microsoft Visual Studio Solution File, Format Version 12.00
# Visual Studio Version 17
VisualStudioVersion = 17.9.34728.123
MinimumVisualStudioVersion = 10.0.40219.1
Project("{FAE04EC0-301F-11D3-BF4B-00C04F79EFBC}") = "WebStore", "WebStore\WebStore.csproj", "{A28BDC0F-0309-44CF-9FAF-3D415E41AD9B}"
EndProject
Global
	GlobalSection(SolutionConfigurationPlatforms) = preSolution
		Debug|Any CPU = Debug|Any CPU
		Release|Any CPU = Release|Any CPU
	EndGlobalSection
	GlobalSection(ProjectConfigurationPlatforms) = postSolution
		{A28BDC0F-0309-44CF-9FAF-3D415E41AD9B}.Debug|Any CPU.ActiveCfg = Debug|Any CPU
		{A28BDC0F-0309-44CF-9FAF-3D415E41AD9B}.Debug|Any CPU.Build.0 = Debug|Any CPU
		{A28BDC0F-0309-44CF-9FAF-3D415E41AD9B}.Release|Any CPU.ActiveCfg = Release|Any CPU
		{A28BDC0F-0309-44CF-9FAF-3D415E41AD9B}.Release|Any CPU.Build.0 = Release|Any CPU
	EndGlobalSection
	GlobalSection(SolutionProperties) = preSolution
		HideSolutionNode = FALSE
	EndGlobalSection
	GlobalSection(ExtensibilityGlobals) = postSolution
		SolutionGuid = {EACC7632-5303-4DEC-ADC1-EE9B912F1349}
	EndGlobalSection
EndGlobal
